
Microsoft Visual Studio Solution File, Format Version 12.00
# Visual Studio Version 17
VisualStudioVersion = 17.3.32811.315
MinimumVisualStudioVersion = 10.0.40219.1
Project("{FAE04EC0-301F-11D3-BF4B-00C04F79EFBC}") = "HarmonyTools", "HarmonyTools\HarmonyTools\HarmonyTools.csproj", "{EB499EC3-54D3-475D-A21B-DF2A00CE67F5}"
EndProject
Project("{FAE04EC0-301F-11D3-BF4B-00C04F79EFBC}") = "HarmonyTools.CodeFixes", "HarmonyTools\HarmonyTools.CodeFixes\HarmonyTools.CodeFixes.csproj", "{8331E304-9E9E-45BC-99DE-BDE7B0CC0C78}"
EndProject
Project("{FAE04EC0-301F-11D3-BF4B-00C04F79EFBC}") = "HarmonyTools.Package", "HarmonyTools\HarmonyTools.Package\HarmonyTools.Package.csproj", "{F76FB4B8-B234-4B01-957A-E02D1FF2D4F4}"
EndProject
Project("{FAE04EC0-301F-11D3-BF4B-00C04F79EFBC}") = "HarmonyTools.Test", "HarmonyTools\HarmonyTools.Test\HarmonyTools.Test.csproj", "{5A373A54-DD42-436B-B2C1-B802C47B5F46}"
EndProject
Project("{FAE04EC0-301F-11D3-BF4B-00C04F79EFBC}") = "HarmonyTools.Vsix", "HarmonyTools\HarmonyTools.Vsix\HarmonyTools.Vsix.csproj", "{BBD8C9E5-013B-4C5D-8569-0ED07C8F2304}"
EndProject
Global
	GlobalSection(SolutionConfigurationPlatforms) = preSolution
		Debug|Any CPU = Debug|Any CPU
		Release|Any CPU = Release|Any CPU
	EndGlobalSection
	GlobalSection(ProjectConfigurationPlatforms) = postSolution
		{EB499EC3-54D3-475D-A21B-DF2A00CE67F5}.Debug|Any CPU.ActiveCfg = Debug|Any CPU
		{EB499EC3-54D3-475D-A21B-DF2A00CE67F5}.Debug|Any CPU.Build.0 = Debug|Any CPU
		{EB499EC3-54D3-475D-A21B-DF2A00CE67F5}.Release|Any CPU.ActiveCfg = Release|Any CPU
		{EB499EC3-54D3-475D-A21B-DF2A00CE67F5}.Release|Any CPU.Build.0 = Release|Any CPU
		{8331E304-9E9E-45BC-99DE-BDE7B0CC0C78}.Debug|Any CPU.ActiveCfg = Debug|Any CPU
		{8331E304-9E9E-45BC-99DE-BDE7B0CC0C78}.Debug|Any CPU.Build.0 = Debug|Any CPU
		{8331E304-9E9E-45BC-99DE-BDE7B0CC0C78}.Release|Any CPU.ActiveCfg = Release|Any CPU
		{8331E304-9E9E-45BC-99DE-BDE7B0CC0C78}.Release|Any CPU.Build.0 = Release|Any CPU
		{F76FB4B8-B234-4B01-957A-E02D1FF2D4F4}.Debug|Any CPU.ActiveCfg = Debug|Any CPU
		{F76FB4B8-B234-4B01-957A-E02D1FF2D4F4}.Debug|Any CPU.Build.0 = Debug|Any CPU
		{F76FB4B8-B234-4B01-957A-E02D1FF2D4F4}.Release|Any CPU.ActiveCfg = Release|Any CPU
		{F76FB4B8-B234-4B01-957A-E02D1FF2D4F4}.Release|Any CPU.Build.0 = Release|Any CPU
		{5A373A54-DD42-436B-B2C1-B802C47B5F46}.Debug|Any CPU.ActiveCfg = Debug|Any CPU
		{5A373A54-DD42-436B-B2C1-B802C47B5F46}.Debug|Any CPU.Build.0 = Debug|Any CPU
		{5A373A54-DD42-436B-B2C1-B802C47B5F46}.Release|Any CPU.ActiveCfg = Release|Any CPU
		{5A373A54-DD42-436B-B2C1-B802C47B5F46}.Release|Any CPU.Build.0 = Release|Any CPU
		{BBD8C9E5-013B-4C5D-8569-0ED07C8F2304}.Debug|Any CPU.ActiveCfg = Debug|Any CPU
		{BBD8C9E5-013B-4C5D-8569-0ED07C8F2304}.Debug|Any CPU.Build.0 = Debug|Any CPU
		{BBD8C9E5-013B-4C5D-8569-0ED07C8F2304}.Release|Any CPU.ActiveCfg = Release|Any CPU
		{BBD8C9E5-013B-4C5D-8569-0ED07C8F2304}.Release|Any CPU.Build.0 = Release|Any CPU
	EndGlobalSection
	GlobalSection(SolutionProperties) = preSolution
		HideSolutionNode = FALSE
	EndGlobalSection
	GlobalSection(ExtensibilityGlobals) = postSolution
		SolutionGuid = {8D7DAC96-D38B-4FDA-9FBB-8FC118BCD196}
	EndGlobalSection
EndGlobal
